PODS:
  - Realm (10.5.1):
    - Realm/Headers (= 10.5.1)
  - Realm/Headers (10.5.1)
  - RealmSwift (10.5.1):
    - Realm (= 10.5.1)
  - RxSwift (5.1.1)

DEPENDENCIES:
  - RealmSwift (~> 10)
  - RxSwift (~> 5.0)

SPEC REPOS:
  trunk:
    - Realm
    - RealmSwift
    - RxSwift

SPEC CHECKSUMS:
  Realm: 77fcb4e0b9f2963ea06f584749a0d7dc9cab95e1
  RealmSwift: 6abe6aa6cd8b70cc1a87afcb9232cabea74ff1ac
  RxSwift: 81470a2074fa8780320ea5fe4102807cb7118178

PODFILE CHECKSUM: a2fca7d1c3b1ee7191ff40d09875b275b8d6de70

COCOAPODS: 1.10.0
