// !$*UTF8*$!
{
	archiveVersion = 1;
	classes = {
	};
	objectVersion = 51;
	objects = {

/* Begin PBXBuildFile section */
		820198592577F935002B1676 /* RootRouter.swift in Sources */ = {isa = PBXBuildFile; fileRef = 820198582577F935002B1676 /* RootRouter.swift */; };
		8227569325CBA2C000C24D51 /* Home.framework in Frameworks */ = {isa = PBXBuildFile; fileRef = 8227569225CBA2C000C24D51 /* Home.framework */; };
		8227569425CBA2C000C24D51 /* Home.framework in Embed Frameworks */ = {isa = PBXBuildFile; fileRef = 8227569225CBA2C000C24D51 /* Home.framework */; settings = {ATTRIBUTES = (CodeSignOnCopy, RemoveHeadersOnCopy, ); }; };
		8227571C25CFE29000C24D51 /* LaunchDetail.framework in Frameworks */ = {isa = PBXBuildFile; fileRef = 8227571B25CFE29000C24D51 /* LaunchDetail.framework */; };
		8227571D25CFE29100C24D51 /* LaunchDetail.framework in Embed Frameworks */ = {isa = PBXBuildFile; fileRef = 8227571B25CFE29000C24D51 /* LaunchDetail.framework */; settings = {ATTRIBUTES = (CodeSignOnCopy, RemoveHeadersOnCopy, ); }; };
		8227575425CFE5CC00C24D51 /* LaunchDetail.framework in Frameworks */ = {isa = PBXBuildFile; fileRef = 8227575325CFE5CC00C24D51 /* LaunchDetail.framework */; };
		8227575525CFE5CC00C24D51 /* LaunchDetail.framework in Embed Frameworks */ = {isa = PBXBuildFile; fileRef = 8227575325CFE5CC00C24D51 /* LaunchDetail.framework */; settings = {ATTRIBUTES = (CodeSignOnCopy, RemoveHeadersOnCopy, ); }; };
		8227577425CFFE5C00C24D51 /* Watchlist.framework in Frameworks */ = {isa = PBXBuildFile; fileRef = 8227577325CFFE5C00C24D51 /* Watchlist.framework */; };
		8227577525CFFE5C00C24D51 /* Watchlist.framework in Embed Frameworks */ = {isa = PBXBuildFile; fileRef = 8227577325CFFE5C00C24D51 /* Watchlist.framework */; settings = {ATTRIBUTES = (CodeSignOnCopy, RemoveHeadersOnCopy, ); }; };
		822DA547256B69C500923640 /* AboutModel.swift in Sources */ = {isa = PBXBuildFile; fileRef = 822DA546256B69C500923640 /* AboutModel.swift */; };
		823173D125598287005043E8 /* AppDelegate.swift in Sources */ = {isa = PBXBuildFile; fileRef = 823173D025598287005043E8 /* AppDelegate.swift */; };
		823173D325598287005043E8 /* SceneDelegate.swift in Sources */ = {isa = PBXBuildFile; fileRef = 823173D225598287005043E8 /* SceneDelegate.swift */; };
		823173DA25598289005043E8 /* Assets.xcassets in Resources */ = {isa = PBXBuildFile; fileRef = 823173D925598289005043E8 /* Assets.xcassets */; };
		823173DD25598289005043E8 /* LaunchScreen.storyboard in Resources */ = {isa = PBXBuildFile; fileRef = 823173DB25598289005043E8 /* LaunchScreen.storyboard */; };
		8233E8522564F52E00B71D52 /* LaunchTableViewCell.swift in Sources */ = {isa = PBXBuildFile; fileRef = 8233E8502564F52E00B71D52 /* LaunchTableViewCell.swift */; };
		8233E8532564F52E00B71D52 /* LaunchTableViewCell.xib in Resources */ = {isa = PBXBuildFile; fileRef = 8233E8512564F52E00B71D52 /* LaunchTableViewCell.xib */; };
		8233E8572564F99700B71D52 /* LaunchesUIView.swift in Sources */ = {isa = PBXBuildFile; fileRef = 8233E8562564F99700B71D52 /* LaunchesUIView.swift */; };
		82390ED6256655D0009A24A9 /* LaunchDetailSection.swift in Sources */ = {isa = PBXBuildFile; fileRef = 82390ED5256655D0009A24A9 /* LaunchDetailSection.swift */; };
		82390ED92566564B009A24A9 /* LaunchDetail.swift in Sources */ = {isa = PBXBuildFile; fileRef = 82390ED82566564B009A24A9 /* LaunchDetail.swift */; };
		82390EDD25665AED009A24A9 /* LaunchDetailDescTableViewCell.swift in Sources */ = {isa = PBXBuildFile; fileRef = 82390EDB25665AED009A24A9 /* LaunchDetailDescTableViewCell.swift */; };
		82390EDE25665AED009A24A9 /* LaunchDetailDescTableViewCell.xib in Resources */ = {isa = PBXBuildFile; fileRef = 82390EDC25665AED009A24A9 /* LaunchDetailDescTableViewCell.xib */; };
		82390EE225665CB6009A24A9 /* LaunchDetailInfographicTableViewCell.swift in Sources */ = {isa = PBXBuildFile; fileRef = 82390EE025665CB6009A24A9 /* LaunchDetailInfographicTableViewCell.swift */; };
		82390EE325665CB6009A24A9 /* LaunchDetailInfographicTableViewCell.xib in Resources */ = {isa = PBXBuildFile; fileRef = 82390EE125665CB6009A24A9 /* LaunchDetailInfographicTableViewCell.xib */; };
		82390EEA25665E32009A24A9 /* LaunchDetailTableView.swift in Sources */ = {isa = PBXBuildFile; fileRef = 82390EE925665E32009A24A9 /* LaunchDetailTableView.swift */; };
		823B78622567A971000B74C5 /* LaunchWatchlistView.swift in Sources */ = {isa = PBXBuildFile; fileRef = 823B78612567A971000B74C5 /* LaunchWatchlistView.swift */; };
		823B78652567A983000B74C5 /* LaunchWatchlistRouter.swift in Sources */ = {isa = PBXBuildFile; fileRef = 823B78642567A983000B74C5 /* LaunchWatchlistRouter.swift */; };
		8242F29A255A408500628DA2 /* .swiftlint.yml in Resources */ = {isa = PBXBuildFile; fileRef = 8242F299255A408500628DA2 /* .swiftlint.yml */; };
		8242F2A7255A433500628DA2 /* API.swift in Sources */ = {isa = PBXBuildFile; fileRef = 8242F2A6255A433500628DA2 /* API.swift */; };
		8242F2B2255A4D2900628DA2 /* LaunchModel.swift in Sources */ = {isa = PBXBuildFile; fileRef = 8242F2B1255A4D2900628DA2 /* LaunchModel.swift */; };
		8242F2B5255A61E100628DA2 /* LaunchMapper.swift in Sources */ = {isa = PBXBuildFile; fileRef = 8242F2B4255A61E100628DA2 /* LaunchMapper.swift */; };
		8242F2B8255A64DA00628DA2 /* Date+Ext.swift in Sources */ = {isa = PBXBuildFile; fileRef = 8242F2B7255A64DA00628DA2 /* Date+Ext.swift */; };
		8242F2BB255A681F00628DA2 /* HomeInteractor.swift in Sources */ = {isa = PBXBuildFile; fileRef = 8242F2BA255A681F00628DA2 /* HomeInteractor.swift */; };
		827299D62562678A0023BB87 /* UpcomingGoLaunchCollectionViewCell.swift in Sources */ = {isa = PBXBuildFile; fileRef = 827299D42562678A0023BB87 /* UpcomingGoLaunchCollectionViewCell.swift */; };
		827299D72562678A0023BB87 /* UpcomingGoCollectionViewCell.xib in Resources */ = {isa = PBXBuildFile; fileRef = 827299D52562678A0023BB87 /* UpcomingGoCollectionViewCell.xib */; };
		82729A0C2562BEDD0023BB87 /* UpcomingGoLaunchView.swift in Sources */ = {isa = PBXBuildFile; fileRef = 82729A0B2562BEDD0023BB87 /* UpcomingGoLaunchView.swift */; };
		82729A1D256376CF0023BB87 /* LaunchSection.swift in Sources */ = {isa = PBXBuildFile; fileRef = 82729A1C256376CF0023BB87 /* LaunchSection.swift */; };
		82764E7825D3F75700232235 /* About.framework in Frameworks */ = {isa = PBXBuildFile; fileRef = 82764E7725D3F75700232235 /* About.framework */; };
		82764E7925D3F75700232235 /* About.framework in Embed Frameworks */ = {isa = PBXBuildFile; fileRef = 82764E7725D3F75700232235 /* About.framework */; settings = {ATTRIBUTES = (CodeSignOnCopy, RemoveHeadersOnCopy, ); }; };
		828BB607256B6ADC00DCA174 /* AboutView.swift in Sources */ = {isa = PBXBuildFile; fileRef = 828BB606256B6ADC00DCA174 /* AboutView.swift */; };
		82A24F312561525C00322D1D /* HomeRouter.swift in Sources */ = {isa = PBXBuildFile; fileRef = 82A24F302561525C00322D1D /* HomeRouter.swift */; };
		82A24F342561585900322D1D /* HomeView.swift in Sources */ = {isa = PBXBuildFile; fileRef = 82A24F332561585900322D1D /* HomeView.swift */; };
		82A24F422561605E00322D1D /* LaunchesRouter.swift in Sources */ = {isa = PBXBuildFile; fileRef = 82A24F412561605E00322D1D /* LaunchesRouter.swift */; };
		82A24F452561606500322D1D /* LaunchesView.swift in Sources */ = {isa = PBXBuildFile; fileRef = 82A24F442561606500322D1D /* LaunchesView.swift */; };
		82A24F50256160AD00322D1D /* LaunchDetailView.swift in Sources */ = {isa = PBXBuildFile; fileRef = 82A24F4F256160AD00322D1D /* LaunchDetailView.swift */; };
		82A24F6025617C6200322D1D /* Injection.swift in Sources */ = {isa = PBXBuildFile; fileRef = 82A24F5F25617C6200322D1D /* Injection.swift */; };
		82EEE33F255F8BD300D51DB6 /* Error+Ext.swift in Sources */ = {isa = PBXBuildFile; fileRef = 82EEE33E255F8BD300D51DB6 /* Error+Ext.swift */; };
		82EEE3462560348100D51DB6 /* HomePresenter.swift in Sources */ = {isa = PBXBuildFile; fileRef = 82EEE3452560348100D51DB6 /* HomePresenter.swift */; };
		82F1A1C225D1559A00CD31B0 /* SpaceLaunchesTests.swift in Sources */ = {isa = PBXBuildFile; fileRef = 82F1A1C125D1559A00CD31B0 /* SpaceLaunchesTests.swift */; };
		881029739B7FEA8D43E7D064 /* Pods_SpaceLaunches.framework in Frameworks */ = {isa = PBXBuildFile; fileRef = ECB50D230B54F0533AA14516 /* Pods_SpaceLaunches.framework */; };
/* End PBXBuildFile section */

/* Begin PBXContainerItemProxy section */
		82F1A1C425D1559A00CD31B0 /* PBXContainerItemProxy */ = {
			isa = PBXContainerItemProxy;
			containerPortal = 823173C525598287005043E8 /* Project object */;
			proxyType = 1;
			remoteGlobalIDString = 823173CC25598287005043E8;
			remoteInfo = SpaceLaunches;
		};
/* End PBXContainerItemProxy section */

/* Begin PBXCopyFilesBuildPhase section */
		82ECEC8B25C696160044E735 /* Embed Frameworks */ = {
			isa = PBXCopyFilesBuildPhase;
			buildActionMask = 2147483647;
			dstPath = "";
			dstSubfolderSpec = 10;
			files = (
				8227575525CFE5CC00C24D51 /* LaunchDetail.framework in Embed Frameworks */,
				8227577525CFFE5C00C24D51 /* Watchlist.framework in Embed Frameworks */,
				8227571D25CFE29100C24D51 /* LaunchDetail.framework in Embed Frameworks */,
				82764E7925D3F75700232235 /* About.framework in Embed Frameworks */,
				8227569425CBA2C000C24D51 /* Home.framework in Embed Frameworks */,
			);
			name = "Embed Frameworks";
			runOnlyForDeploymentPostprocessing = 0;
		};
/* End PBXCopyFilesBuildPhase section */

/* Begin PBXFileReference section */
		4DC95C2CF9E5474DB4BAA41E /* Pods-SpaceLaunches.release.xcconfig */ = {isa = PBXFileReference; includeInIndex = 1; lastKnownFileType = text.xcconfig; name = "Pods-SpaceLaunches.release.xcconfig"; path = "Target Support Files/Pods-SpaceLaunches/Pods-SpaceLaunches.release.xcconfig"; sourceTree = "<group>"; };
		820198582577F935002B1676 /* RootRouter.swift */ = {isa = PBXFileReference; lastKnownFileType = sourcecode.swift; path = RootRouter.swift; sourceTree = "<group>"; };
		8227569225CBA2C000C24D51 /* Home.framework */ = {isa = PBXFileReference; explicitFileType = wrapper.framework; path = Home.framework; sourceTree = BUILT_PRODUCTS_DIR; };
		8227571B25CFE29000C24D51 /* LaunchDetail.framework */ = {isa = PBXFileReference; explicitFileType = wrapper.framework; path = LaunchDetail.framework; sourceTree = BUILT_PRODUCTS_DIR; };
		8227575325CFE5CC00C24D51 /* LaunchDetail.framework */ = {isa = PBXFileReference; explicitFileType = wrapper.framework; path = LaunchDetail.framework; sourceTree = BUILT_PRODUCTS_DIR; };
		8227577325CFFE5C00C24D51 /* Watchlist.framework */ = {isa = PBXFileReference; explicitFileType = wrapper.framework; path = Watchlist.framework; sourceTree = BUILT_PRODUCTS_DIR; };
		822DA546256B69C500923640 /* AboutModel.swift */ = {isa = PBXFileReference; lastKnownFileType = sourcecode.swift; path = AboutModel.swift; sourceTree = "<group>"; };
		823173CD25598287005043E8 /* SpaceLaunches.app */ = {isa = PBXFileReference; explicitFileType = wrapper.application; includeInIndex = 0; path = SpaceLaunches.app; sourceTree = BUILT_PRODUCTS_DIR; };
		823173D025598287005043E8 /* AppDelegate.swift */ = {isa = PBXFileReference; lastKnownFileType = sourcecode.swift; path = AppDelegate.swift; sourceTree = "<group>"; };
		823173D225598287005043E8 /* SceneDelegate.swift */ = {isa = PBXFileReference; lastKnownFileType = sourcecode.swift; path = SceneDelegate.swift; sourceTree = "<group>"; };
		823173D925598289005043E8 /* Assets.xcassets */ = {isa = PBXFileReference; lastKnownFileType = folder.assetcatalog; path = Assets.xcassets; sourceTree = "<group>"; };
		823173DC25598289005043E8 /* Base */ = {isa = PBXFileReference; lastKnownFileType = file.storyboard; name = Base; path = Base.lproj/LaunchScreen.storyboard; sourceTree = "<group>"; };
		823173DE25598289005043E8 /* Info.plist */ = {isa = PBXFileReference; lastKnownFileType = text.plist.xml; path = Info.plist; sourceTree = "<group>"; };
		8233E8502564F52E00B71D52 /* LaunchTableViewCell.swift */ = {isa = PBXFileReference; lastKnownFileType = sourcecode.swift; path = LaunchTableViewCell.swift; sourceTree = "<group>"; };
		8233E8512564F52E00B71D52 /* LaunchTableViewCell.xib */ = {isa = PBXFileReference; lastKnownFileType = file.xib; path = LaunchTableViewCell.xib; sourceTree = "<group>"; };
		8233E8562564F99700B71D52 /* LaunchesUIView.swift */ = {isa = PBXFileReference; lastKnownFileType = sourcecode.swift; path = LaunchesUIView.swift; sourceTree = "<group>"; };
		82390ED5256655D0009A24A9 /* LaunchDetailSection.swift */ = {isa = PBXFileReference; lastKnownFileType = sourcecode.swift; path = LaunchDetailSection.swift; sourceTree = "<group>"; };
		82390ED82566564B009A24A9 /* LaunchDetail.swift */ = {isa = PBXFileReference; lastKnownFileType = sourcecode.swift; path = LaunchDetail.swift; sourceTree = "<group>"; };
		82390EDB25665AED009A24A9 /* LaunchDetailDescTableViewCell.swift */ = {isa = PBXFileReference; lastKnownFileType = sourcecode.swift; path = LaunchDetailDescTableViewCell.swift; sourceTree = "<group>"; };
		82390EDC25665AED009A24A9 /* LaunchDetailDescTableViewCell.xib */ = {isa = PBXFileReference; lastKnownFileType = file.xib; path = LaunchDetailDescTableViewCell.xib; sourceTree = "<group>"; };
		82390EE025665CB6009A24A9 /* LaunchDetailInfographicTableViewCell.swift */ = {isa = PBXFileReference; lastKnownFileType = sourcecode.swift; path = LaunchDetailInfographicTableViewCell.swift; sourceTree = "<group>"; };
		82390EE125665CB6009A24A9 /* LaunchDetailInfographicTableViewCell.xib */ = {isa = PBXFileReference; lastKnownFileType = file.xib; path = LaunchDetailInfographicTableViewCell.xib; sourceTree = "<group>"; };
		82390EE925665E32009A24A9 /* LaunchDetailTableView.swift */ = {isa = PBXFileReference; lastKnownFileType = sourcecode.swift; path = LaunchDetailTableView.swift; sourceTree = "<group>"; };
		823B78612567A971000B74C5 /* LaunchWatchlistView.swift */ = {isa = PBXFileReference; lastKnownFileType = sourcecode.swift; path = LaunchWatchlistView.swift; sourceTree = "<group>"; };
		823B78642567A983000B74C5 /* LaunchWatchlistRouter.swift */ = {isa = PBXFileReference; lastKnownFileType = sourcecode.swift; path = LaunchWatchlistRouter.swift; sourceTree = "<group>"; };
		8242F299255A408500628DA2 /* .swiftlint.yml */ = {isa = PBXFileReference; fileEncoding = 4; lastKnownFileType = text.yaml; path = .swiftlint.yml; sourceTree = "<group>"; };
		8242F2A6255A433500628DA2 /* API.swift */ = {isa = PBXFileReference; lastKnownFileType = sourcecode.swift; path = API.swift; sourceTree = "<group>"; };
		8242F2B1255A4D2900628DA2 /* LaunchModel.swift */ = {isa = PBXFileReference; lastKnownFileType = sourcecode.swift; path = LaunchModel.swift; sourceTree = "<group>"; };
		8242F2B4255A61E100628DA2 /* LaunchMapper.swift */ = {isa = PBXFileReference; lastKnownFileType = sourcecode.swift; path = LaunchMapper.swift; sourceTree = "<group>"; };
		8242F2B7255A64DA00628DA2 /* Date+Ext.swift */ = {isa = PBXFileReference; lastKnownFileType = sourcecode.swift; path = "Date+Ext.swift"; sourceTree = "<group>"; };
		8242F2BA255A681F00628DA2 /* HomeInteractor.swift */ = {isa = PBXFileReference; lastKnownFileType = sourcecode.swift; path = HomeInteractor.swift; sourceTree = "<group>"; };
		827299D42562678A0023BB87 /* UpcomingGoLaunchCollectionViewCell.swift */ = {isa = PBXFileReference; lastKnownFileType = sourcecode.swift; path = UpcomingGoLaunchCollectionViewCell.swift; sourceTree = "<group>"; };
		827299D52562678A0023BB87 /* UpcomingGoCollectionViewCell.xib */ = {isa = PBXFileReference; lastKnownFileType = file.xib; path = UpcomingGoCollectionViewCell.xib; sourceTree = "<group>"; };
		82729A0B2562BEDD0023BB87 /* UpcomingGoLaunchView.swift */ = {isa = PBXFileReference; lastKnownFileType = sourcecode.swift; path = UpcomingGoLaunchView.swift; sourceTree = "<group>"; };
		82729A1C256376CF0023BB87 /* LaunchSection.swift */ = {isa = PBXFileReference; lastKnownFileType = sourcecode.swift; path = LaunchSection.swift; sourceTree = "<group>"; };
		82764E7725D3F75700232235 /* About.framework */ = {isa = PBXFileReference; explicitFileType = wrapper.framework; path = About.framework; sourceTree = BUILT_PRODUCTS_DIR; };
		828BB606256B6ADC00DCA174 /* AboutView.swift */ = {isa = PBXFileReference; lastKnownFileType = sourcecode.swift; path = AboutView.swift; sourceTree = "<group>"; };
		82A24F302561525C00322D1D /* HomeRouter.swift */ = {isa = PBXFileReference; lastKnownFileType = sourcecode.swift; path = HomeRouter.swift; sourceTree = "<group>"; };
		82A24F332561585900322D1D /* HomeView.swift */ = {isa = PBXFileReference; lastKnownFileType = sourcecode.swift; path = HomeView.swift; sourceTree = "<group>"; };
		82A24F412561605E00322D1D /* LaunchesRouter.swift */ = {isa = PBXFileReference; lastKnownFileType = sourcecode.swift; path = LaunchesRouter.swift; sourceTree = "<group>"; };
		82A24F442561606500322D1D /* LaunchesView.swift */ = {isa = PBXFileReference; lastKnownFileType = sourcecode.swift; path = LaunchesView.swift; sourceTree = "<group>"; };
		82A24F4F256160AD00322D1D /* LaunchDetailView.swift */ = {isa = PBXFileReference; lastKnownFileType = sourcecode.swift; path = LaunchDetailView.swift; sourceTree = "<group>"; };
		82A24F5F25617C6200322D1D /* Injection.swift */ = {isa = PBXFileReference; lastKnownFileType = sourcecode.swift; path = Injection.swift; sourceTree = "<group>"; };
		82ECEC8825C696160044E735 /* Core.framework */ = {isa = PBXFileReference; explicitFileType = wrapper.framework; path = Core.framework; sourceTree = BUILT_PRODUCTS_DIR; };
		82EEE33E255F8BD300D51DB6 /* Error+Ext.swift */ = {isa = PBXFileReference; lastKnownFileType = sourcecode.swift; path = "Error+Ext.swift"; sourceTree = "<group>"; };
		82EEE3452560348100D51DB6 /* HomePresenter.swift */ = {isa = PBXFileReference; lastKnownFileType = sourcecode.swift; path = HomePresenter.swift; sourceTree = "<group>"; };
		82F1A1BF25D1559A00CD31B0 /* SpaceLaunchesTests.xctest */ = {isa = PBXFileReference; explicitFileType = wrapper.cfbundle; includeInIndex = 0; path = SpaceLaunchesTests.xctest; sourceTree = BUILT_PRODUCTS_DIR; };
		82F1A1C125D1559A00CD31B0 /* SpaceLaunchesTests.swift */ = {isa = PBXFileReference; lastKnownFileType = sourcecode.swift; path = SpaceLaunchesTests.swift; sourceTree = "<group>"; };
		82F1A1C325D1559A00CD31B0 /* Info.plist */ = {isa = PBXFileReference; lastKnownFileType = text.plist.xml; path = Info.plist; sourceTree = "<group>"; };
		AE08E609EA371CC05ECD45F2 /* Pods-SpaceLaunchs.debug.xcconfig */ = {isa = PBXFileReference; includeInIndex = 1; lastKnownFileType = text.xcconfig; name = "Pods-SpaceLaunchs.debug.xcconfig"; path = "Target Support Files/Pods-SpaceLaunchs/Pods-SpaceLaunchs.debug.xcconfig"; sourceTree = "<group>"; };
		E4CAB3D1844BB73A4BF226C9 /* Pods-SpaceLaunches.debug.xcconfig */ = {isa = PBXFileReference; includeInIndex = 1; lastKnownFileType = text.xcconfig; name = "Pods-SpaceLaunches.debug.xcconfig"; path = "Target Support Files/Pods-SpaceLaunches/Pods-SpaceLaunches.debug.xcconfig"; sourceTree = "<group>"; };
		ECB50D230B54F0533AA14516 /* Pods_SpaceLaunches.framework */ = {isa = PBXFileReference; explicitFileType = wrapper.framework; includeInIndex = 0; path = Pods_SpaceLaunches.framework; sourceTree = BUILT_PRODUCTS_DIR; };
		EE1BE66086ABA6B958F8123D /* Pods-SpaceLaunchs.release.xcconfig */ = {isa = PBXFileReference; includeInIndex = 1; lastKnownFileType = text.xcconfig; name = "Pods-SpaceLaunchs.release.xcconfig"; path = "Target Support Files/Pods-SpaceLaunchs/Pods-SpaceLaunchs.release.xcconfig"; sourceTree = "<group>"; };
/* End PBXFileReference section */

/* Begin PBXFrameworksBuildPhase section */
		823173CA25598287005043E8 /* Frameworks */ = {
			isa = PBXFrameworksBuildPhase;
			buildActionMask = 2147483647;
			files = (
				8227577425CFFE5C00C24D51 /* Watchlist.framework in Frameworks */,
				8227571C25CFE29000C24D51 /* LaunchDetail.framework in Frameworks */,
				881029739B7FEA8D43E7D064 /* Pods_SpaceLaunches.framework in Frameworks */,
				8227569325CBA2C000C24D51 /* Home.framework in Frameworks */,
				82764E7825D3F75700232235 /* About.framework in Frameworks */,
				8227575425CFE5CC00C24D51 /* LaunchDetail.framework in Frameworks */,
			);
			runOnlyForDeploymentPostprocessing = 0;
		};
		82F1A1BC25D1559A00CD31B0 /* Frameworks */ = {
			isa = PBXFrameworksBuildPhase;
			buildActionMask = 2147483647;
			files = (
			);
			runOnlyForDeploymentPostprocessing = 0;
		};
/* End PBXFrameworksBuildPhase section */

/* Begin PBXGroup section */
		0EAF28F82B691BA5FD7909AD /* Frameworks */ = {
			isa = PBXGroup;
			children = (
				82764E7725D3F75700232235 /* About.framework */,
				8227577325CFFE5C00C24D51 /* Watchlist.framework */,
				8227575325CFE5CC00C24D51 /* LaunchDetail.framework */,
				8227571B25CFE29000C24D51 /* LaunchDetail.framework */,
				8227569225CBA2C000C24D51 /* Home.framework */,
				82ECEC8825C696160044E735 /* Core.framework */,
				ECB50D230B54F0533AA14516 /* Pods_SpaceLaunches.framework */,
			);
			name = Frameworks;
			sourceTree = "<group>";
		};
		2B3DF5453F99E40107358915 /* Pods */ = {
			isa = PBXGroup;
			children = (
				AE08E609EA371CC05ECD45F2 /* Pods-SpaceLaunchs.debug.xcconfig */,
				EE1BE66086ABA6B958F8123D /* Pods-SpaceLaunchs.release.xcconfig */,
				E4CAB3D1844BB73A4BF226C9 /* Pods-SpaceLaunches.debug.xcconfig */,
				4DC95C2CF9E5474DB4BAA41E /* Pods-SpaceLaunches.release.xcconfig */,
			);
			path = Pods;
			sourceTree = "<group>";
		};
		822DA53D256B664900923640 /* About */ = {
			isa = PBXGroup;
			children = (
				828BB606256B6ADC00DCA174 /* AboutView.swift */,
			);
			path = About;
			sourceTree = "<group>";
		};
		823173C425598287005043E8 = {
			isa = PBXGroup;
			children = (
				8242F299255A408500628DA2 /* .swiftlint.yml */,
				823173CF25598287005043E8 /* SpaceLaunches */,
				82F1A1C025D1559A00CD31B0 /* SpaceLaunchesTests */,
				823173CE25598287005043E8 /* Products */,
				2B3DF5453F99E40107358915 /* Pods */,
				0EAF28F82B691BA5FD7909AD /* Frameworks */,
			);
			sourceTree = "<group>";
		};
		823173CE25598287005043E8 /* Products */ = {
			isa = PBXGroup;
			children = (
				823173CD25598287005043E8 /* SpaceLaunches.app */,
				82F1A1BF25D1559A00CD31B0 /* SpaceLaunchesTests.xctest */,
			);
			name = Products;
			sourceTree = "<group>";
		};
		823173CF25598287005043E8 /* SpaceLaunches */ = {
			isa = PBXGroup;
			children = (
				823173EF25598501005043E8 /* Modules */,
				823173EA255984C9005043E8 /* Core */,
				823173E7255982ED005043E8 /* App */,
				823173E9255982FF005043E8 /* Supporting Files */,
			);
			path = SpaceLaunches;
			sourceTree = "<group>";
		};
		823173E7255982ED005043E8 /* App */ = {
			isa = PBXGroup;
			children = (
				823173D025598287005043E8 /* AppDelegate.swift */,
				823173D225598287005043E8 /* SceneDelegate.swift */,
			);
			path = App;
			sourceTree = "<group>";
		};
		823173E9255982FF005043E8 /* Supporting Files */ = {
			isa = PBXGroup;
			children = (
				823173D925598289005043E8 /* Assets.xcassets */,
				823173DB25598289005043E8 /* LaunchScreen.storyboard */,
				823173DE25598289005043E8 /* Info.plist */,
			);
			path = "Supporting Files";
			sourceTree = "<group>";
		};
		823173EA255984C9005043E8 /* Core */ = {
			isa = PBXGroup;
			children = (
				823173EC255984DA005043E8 /* DI */,
				823173ED255984E1005043E8 /* Domain */,
				823173EE255984F4005043E8 /* Utils */,
			);
			path = Core;
			sourceTree = "<group>";
		};
		823173EC255984DA005043E8 /* DI */ = {
			isa = PBXGroup;
			children = (
				82A24F5F25617C6200322D1D /* Injection.swift */,
			);
			path = DI;
			sourceTree = "<group>";
		};
		823173ED255984E1005043E8 /* Domain */ = {
			isa = PBXGroup;
			children = (
				8242F2B0255A4D0200628DA2 /* Use Case */,
				8242F2AF255A4CFB00628DA2 /* Model */,
			);
			path = Domain;
			sourceTree = "<group>";
		};
		823173EE255984F4005043E8 /* Utils */ = {
			isa = PBXGroup;
			children = (
				8242F2A6255A433500628DA2 /* API.swift */,
				8242F2B4255A61E100628DA2 /* LaunchMapper.swift */,
				8242F2B7255A64DA00628DA2 /* Date+Ext.swift */,
				82EEE33E255F8BD300D51DB6 /* Error+Ext.swift */,
			);
			path = Utils;
			sourceTree = "<group>";
		};
		823173EF25598501005043E8 /* Modules */ = {
			isa = PBXGroup;
			children = (
				822DA53D256B664900923640 /* About */,
				827299CE2562670D0023BB87 /* Common */,
				82EEE3422560332F00D51DB6 /* Home */,
				82A24F472561606C00322D1D /* LaunchDetail */,
				82A24F3825615FAB00322D1D /* Launches */,
				823B785C2567A92C000B74C5 /* LaunchWatchlist */,
				820198582577F935002B1676 /* RootRouter.swift */,
			);
			path = Modules;
			sourceTree = "<group>";
		};
		8233E84E2564F4E900B71D52 /* LaunchTableView */ = {
			isa = PBXGroup;
			children = (
				8233E8502564F52E00B71D52 /* LaunchTableViewCell.swift */,
				8233E8512564F52E00B71D52 /* LaunchTableViewCell.xib */,
				8233E8562564F99700B71D52 /* LaunchesUIView.swift */,
			);
			path = LaunchTableView;
			sourceTree = "<group>";
		};
		823B78482567674A000B74C5 /* LaunchDetailTableView */ = {
			isa = PBXGroup;
			children = (
				82390EDB25665AED009A24A9 /* LaunchDetailDescTableViewCell.swift */,
				82390EDC25665AED009A24A9 /* LaunchDetailDescTableViewCell.xib */,
				82390EE025665CB6009A24A9 /* LaunchDetailInfographicTableViewCell.swift */,
				82390EE125665CB6009A24A9 /* LaunchDetailInfographicTableViewCell.xib */,
				82390EE925665E32009A24A9 /* LaunchDetailTableView.swift */,
			);
			path = LaunchDetailTableView;
			sourceTree = "<group>";
		};
		823B785C2567A92C000B74C5 /* LaunchWatchlist */ = {
			isa = PBXGroup;
			children = (
				823B78612567A971000B74C5 /* LaunchWatchlistView.swift */,
				823B78642567A983000B74C5 /* LaunchWatchlistRouter.swift */,
			);
			path = LaunchWatchlist;
			sourceTree = "<group>";
		};
		8242F2AF255A4CFB00628DA2 /* Model */ = {
			isa = PBXGroup;
			children = (
				8242F2B1255A4D2900628DA2 /* LaunchModel.swift */,
				82729A1C256376CF0023BB87 /* LaunchSection.swift */,
				82390ED5256655D0009A24A9 /* LaunchDetailSection.swift */,
				82390ED82566564B009A24A9 /* LaunchDetail.swift */,
				822DA546256B69C500923640 /* AboutModel.swift */,
			);
			path = Model;
			sourceTree = "<group>";
		};
		8242F2B0255A4D0200628DA2 /* Use Case */ = {
			isa = PBXGroup;
			children = (
				8242F2BA255A681F00628DA2 /* HomeInteractor.swift */,
			);
			path = "Use Case";
			sourceTree = "<group>";
		};
		827299CE2562670D0023BB87 /* Common */ = {
			isa = PBXGroup;
			children = (
				8233E84E2564F4E900B71D52 /* LaunchTableView */,
				82729A20256422BB0023BB87 /* UpcomingGoLaunchCollectionView */,
				823B78482567674A000B74C5 /* LaunchDetailTableView */,
			);
			path = Common;
			sourceTree = "<group>";
		};
		82729A20256422BB0023BB87 /* UpcomingGoLaunchCollectionView */ = {
			isa = PBXGroup;
			children = (
				827299D42562678A0023BB87 /* UpcomingGoLaunchCollectionViewCell.swift */,
				827299D52562678A0023BB87 /* UpcomingGoCollectionViewCell.xib */,
				82729A0B2562BEDD0023BB87 /* UpcomingGoLaunchView.swift */,
			);
			path = UpcomingGoLaunchCollectionView;
			sourceTree = "<group>";
		};
		82A24F3825615FAB00322D1D /* Launches */ = {
			isa = PBXGroup;
			children = (
				82A24F412561605E00322D1D /* LaunchesRouter.swift */,
				82A24F442561606500322D1D /* LaunchesView.swift */,
			);
			path = Launches;
			sourceTree = "<group>";
		};
		82A24F472561606C00322D1D /* LaunchDetail */ = {
			isa = PBXGroup;
			children = (
				82A24F4F256160AD00322D1D /* LaunchDetailView.swift */,
			);
			path = LaunchDetail;
			sourceTree = "<group>";
		};
		82EEE3422560332F00D51DB6 /* Home */ = {
			isa = PBXGroup;
			children = (
				82EEE3452560348100D51DB6 /* HomePresenter.swift */,
				82A24F302561525C00322D1D /* HomeRouter.swift */,
				82A24F332561585900322D1D /* HomeView.swift */,
			);
			path = Home;
			sourceTree = "<group>";
		};
		82F1A1C025D1559A00CD31B0 /* SpaceLaunchesTests */ = {
			isa = PBXGroup;
			children = (
				82F1A1C125D1559A00CD31B0 /* SpaceLaunchesTests.swift */,
				82F1A1C325D1559A00CD31B0 /* Info.plist */,
			);
			path = SpaceLaunchesTests;
			sourceTree = "<group>";
		};
/* End PBXGroup section */

/* Begin PBXNativeTarget section */
		823173CC25598287005043E8 /* SpaceLaunches */ = {
			isa = PBXNativeTarget;
			buildConfigurationList = 823173E125598289005043E8 /* Build configuration list for PBXNativeTarget "SpaceLaunches" */;
			buildPhases = (
				C5B83B184CA96651793B203D /* [CP] Check Pods Manifest.lock */,
				823173C925598287005043E8 /* Sources */,
				823173CA25598287005043E8 /* Frameworks */,
				823173CB25598287005043E8 /* Resources */,
				377566063FD026B867F4AC76 /* [CP] Embed Pods Frameworks */,
				8258B29F25618EA900F1A90A /* ShellScript */,
				82ECEC8B25C696160044E735 /* Embed Frameworks */,
			);
			buildRules = (
			);
			dependencies = (
			);
			name = SpaceLaunches;
			productName = SpaceLaunchs;
			productReference = 823173CD25598287005043E8 /* SpaceLaunches.app */;
			productType = "com.apple.product-type.application";
		};
		82F1A1BE25D1559A00CD31B0 /* SpaceLaunchesTests */ = {
			isa = PBXNativeTarget;
			buildConfigurationList = 82F1A1C825D1559A00CD31B0 /* Build configuration list for PBXNativeTarget "SpaceLaunchesTests" */;
			buildPhases = (
				82F1A1BB25D1559A00CD31B0 /* Sources */,
				82F1A1BC25D1559A00CD31B0 /* Frameworks */,
				82F1A1BD25D1559A00CD31B0 /* Resources */,
			);
			buildRules = (
			);
			dependencies = (
				82F1A1C525D1559A00CD31B0 /* PBXTargetDependency */,
			);
			name = SpaceLaunchesTests;
			productName = SpaceLaunchesTests;
			productReference = 82F1A1BF25D1559A00CD31B0 /* SpaceLaunchesTests.xctest */;
			productType = "com.apple.product-type.bundle.unit-test";
		};
/* End PBXNativeTarget section */

/* Begin PBXProject section */
		823173C525598287005043E8 /* Project object */ = {
			isa = PBXProject;
			attributes = {
				LastSwiftUpdateCheck = 1220;
				LastUpgradeCheck = 1210;
				TargetAttributes = {
					823173CC25598287005043E8 = {
						CreatedOnToolsVersion = 12.1;
					};
					82F1A1BE25D1559A00CD31B0 = {
						CreatedOnToolsVersion = 12.2;
						TestTargetID = 823173CC25598287005043E8;
					};
				};
			};
			buildConfigurationList = 823173C825598287005043E8 /* Build configuration list for PBXProject "SpaceLaunches" */;
			compatibilityVersion = "Xcode 9.3";
			developmentRegion = en;
			hasScannedForEncodings = 0;
			knownRegions = (
				en,
				Base,
			);
			mainGroup = 823173C425598287005043E8;
			productRefGroup = 823173CE25598287005043E8 /* Products */;
			projectDirPath = "";
			projectRoot = "";
			targets = (
				823173CC25598287005043E8 /* SpaceLaunches */,
				82F1A1BE25D1559A00CD31B0 /* SpaceLaunchesTests */,
			);
		};
/* End PBXProject section */

/* Begin PBXResourcesBuildPhase section */
		823173CB25598287005043E8 /* Resources */ = {
			isa = PBXResourcesBuildPhase;
			buildActionMask = 2147483647;
			files = (
				827299D72562678A0023BB87 /* UpcomingGoCollectionViewCell.xib in Resources */,
				8242F29A255A408500628DA2 /* .swiftlint.yml in Resources */,
				82390EDE25665AED009A24A9 /* LaunchDetailDescTableViewCell.xib in Resources */,
				823173DD25598289005043E8 /* LaunchScreen.storyboard in Resources */,
				82390EE325665CB6009A24A9 /* LaunchDetailInfographicTableViewCell.xib in Resources */,
				823173DA25598289005043E8 /* Assets.xcassets in Resources */,
				8233E8532564F52E00B71D52 /* LaunchTableViewCell.xib in Resources */,
			);
			runOnlyForDeploymentPostprocessing = 0;
		};
		82F1A1BD25D1559A00CD31B0 /* Resources */ = {
			isa = PBXResourcesBuildPhase;
			buildActionMask = 2147483647;
			files = (
			);
			runOnlyForDeploymentPostprocessing = 0;
		};
/* End PBXResourcesBuildPhase section */

/* Begin PBXShellScriptBuildPhase section */
		377566063FD026B867F4AC76 /* [CP] Embed Pods Frameworks */ = {
			isa = PBXShellScriptBuildPhase;
			buildActionMask = 2147483647;
			files = (
			);
			inputFileListPaths = (
				"${PODS_ROOT}/Target Support Files/Pods-SpaceLaunches/Pods-SpaceLaunches-frameworks-${CONFIGURATION}-input-files.xcfilelist",
			);
			name = "[CP] Embed Pods Frameworks";
			outputFileListPaths = (
				"${PODS_ROOT}/Target Support Files/Pods-SpaceLaunches/Pods-SpaceLaunches-frameworks-${CONFIGURATION}-output-files.xcfilelist",
			);
			runOnlyForDeploymentPostprocessing = 0;
			shellPath = /bin/sh;
			shellScript = "\"${PODS_ROOT}/Target Support Files/Pods-SpaceLaunches/Pods-SpaceLaunches-frameworks.sh\"\n";
			showEnvVarsInLog = 0;
		};
		8258B29F25618EA900F1A90A /* ShellScript */ = {
			isa = PBXShellScriptBuildPhase;
			buildActionMask = 2147483647;
			files = (
			);
			inputFileListPaths = (
			);
			inputPaths = (
			);
			outputFileListPaths = (
			);
			outputPaths = (
			);
			runOnlyForDeploymentPostprocessing = 0;
			shellPath = /bin/sh;
			shellScript = "if which swiftlint >/dev/null; then\n  swiftlint\nelse\n  echo \"warning: SwiftLint not installed, download from https://github.com/realm/SwiftLint\"\nfi\n";
		};
		C5B83B184CA96651793B203D /* [CP] Check Pods Manifest.lock */ = {
			isa = PBXShellScriptBuildPhase;
			buildActionMask = 2147483647;
			files = (
			);
			inputFileListPaths = (
			);
			inputPaths = (
				"${PODS_PODFILE_DIR_PATH}/Podfile.lock",
				"${PODS_ROOT}/Manifest.lock",
			);
			name = "[CP] Check Pods Manifest.lock";
			outputFileListPaths = (
			);
			outputPaths = (
				"$(DERIVED_FILE_DIR)/Pods-SpaceLaunches-checkManifestLockResult.txt",
			);
			runOnlyForDeploymentPostprocessing = 0;
			shellPath = /bin/sh;
			shellScript = "diff \"${PODS_PODFILE_DIR_PATH}/Podfile.lock\" \"${PODS_ROOT}/Manifest.lock\" > /dev/null\nif [ $? != 0 ] ; then\n    # print error to STDERR\n    echo \"error: The sandbox is not in sync with the Podfile.lock. Run 'pod install' or update your CocoaPods installation.\" >&2\n    exit 1\nfi\n# This output is used by Xcode 'outputs' to avoid re-running this script phase.\necho \"SUCCESS\" > \"${SCRIPT_OUTPUT_FILE_0}\"\n";
			showEnvVarsInLog = 0;
		};
/* End PBXShellScriptBuildPhase section */

/* Begin PBXSourcesBuildPhase section */
		823173C925598287005043E8 /* Sources */ = {
			isa = PBXSourcesBuildPhase;
			buildActionMask = 2147483647;
			files = (
				82EEE33F255F8BD300D51DB6 /* Error+Ext.swift in Sources */,
				82A24F452561606500322D1D /* LaunchesView.swift in Sources */,
				8242F2B5255A61E100628DA2 /* LaunchMapper.swift in Sources */,
				82390ED92566564B009A24A9 /* LaunchDetail.swift in Sources */,
				8242F2BB255A681F00628DA2 /* HomeInteractor.swift in Sources */,
				8242F2B2255A4D2900628DA2 /* LaunchModel.swift in Sources */,
				820198592577F935002B1676 /* RootRouter.swift in Sources */,
				823173D125598287005043E8 /* AppDelegate.swift in Sources */,
				823173D325598287005043E8 /* SceneDelegate.swift in Sources */,
				82729A1D256376CF0023BB87 /* LaunchSection.swift in Sources */,
				82A24F312561525C00322D1D /* HomeRouter.swift in Sources */,
				823B78652567A983000B74C5 /* LaunchWatchlistRouter.swift in Sources */,
				82390EEA25665E32009A24A9 /* LaunchDetailTableView.swift in Sources */,
				8233E8572564F99700B71D52 /* LaunchesUIView.swift in Sources */,
				82A24F50256160AD00322D1D /* LaunchDetailView.swift in Sources */,
				82A24F6025617C6200322D1D /* Injection.swift in Sources */,
				82729A0C2562BEDD0023BB87 /* UpcomingGoLaunchView.swift in Sources */,
				822DA547256B69C500923640 /* AboutModel.swift in Sources */,
				823B78622567A971000B74C5 /* LaunchWatchlistView.swift in Sources */,
				82390EDD25665AED009A24A9 /* LaunchDetailDescTableViewCell.swift in Sources */,
				8233E8522564F52E00B71D52 /* LaunchTableViewCell.swift in Sources */,
				828BB607256B6ADC00DCA174 /* AboutView.swift in Sources */,
				8242F2A7255A433500628DA2 /* API.swift in Sources */,
				82390EE225665CB6009A24A9 /* LaunchDetailInfographicTableViewCell.swift in Sources */,
				8242F2B8255A64DA00628DA2 /* Date+Ext.swift in Sources */,
				82390ED6256655D0009A24A9 /* LaunchDetailSection.swift in Sources */,
				82EEE3462560348100D51DB6 /* HomePresenter.swift in Sources */,
				82A24F342561585900322D1D /* HomeView.swift in Sources */,
				827299D62562678A0023BB87 /* UpcomingGoLaunchCollectionViewCell.swift in Sources */,
				82A24F422561605E00322D1D /* LaunchesRouter.swift in Sources */,
			);
			runOnlyForDeploymentPostprocessing = 0;
		};
		82F1A1BB25D1559A00CD31B0 /* Sources */ = {
			isa = PBXSourcesBuildPhase;
			buildActionMask = 2147483647;
			files = (
				82F1A1C225D1559A00CD31B0 /* SpaceLaunchesTests.swift in Sources */,
			);
			runOnlyForDeploymentPostprocessing = 0;
		};
/* End PBXSourcesBuildPhase section */

/* Begin PBXTargetDependency section */
		82F1A1C525D1559A00CD31B0 /* PBXTargetDependency */ = {
			isa = PBXTargetDependency;
			target = 823173CC25598287005043E8 /* SpaceLaunches */;
			targetProxy = 82F1A1C425D1559A00CD31B0 /* PBXContainerItemProxy */;
		};
/* End PBXTargetDependency section */

/* Begin PBXVariantGroup section */
		823173DB25598289005043E8 /* LaunchScreen.storyboard */ = {
			isa = PBXVariantGroup;
			children = (
				823173DC25598289005043E8 /* Base */,
			);
			name = LaunchScreen.storyboard;
			sourceTree = "<group>";
		};
/* End PBXVariantGroup section */

/* Begin XCBuildConfiguration section */
		823173DF25598289005043E8 /* Debug */ = {
			isa = XCBuildConfiguration;
			buildSettings = {
				ALWAYS_SEARCH_USER_PATHS = NO;
				CLANG_ANALYZER_NONNULL = YES;
				CLANG_ANALYZER_NUMBER_OBJECT_CONVERSION = YES_AGGRESSIVE;
				CLANG_CXX_LANGUAGE_STANDARD = "gnu++14";
				CLANG_CXX_LIBRARY = "libc++";
				CLANG_ENABLE_MODULES = YES;
				CLANG_ENABLE_OBJC_ARC = YES;
				CLANG_ENABLE_OBJC_WEAK = YES;
				CLANG_WARN_BLOCK_CAPTURE_AUTORELEASING = YES;
				CLANG_WARN_BOOL_CONVERSION = YES;
				CLANG_WARN_COMMA = YES;
				CLANG_WARN_CONSTANT_CONVERSION = YES;
				CLANG_WARN_DEPRECATED_OBJC_IMPLEMENTATIONS = YES;
				CLANG_WARN_DIRECT_OBJC_ISA_USAGE = YES_ERROR;
				CLANG_WARN_DOCUMENTATION_COMMENTS = YES;
				CLANG_WARN_EMPTY_BODY = YES;
				CLANG_WARN_ENUM_CONVERSION = YES;
				CLANG_WARN_INFINITE_RECURSION = YES;
				CLANG_WARN_INT_CONVERSION = YES;
				CLANG_WARN_NON_LITERAL_NULL_CONVERSION = YES;
				CLANG_WARN_OBJC_IMPLICIT_RETAIN_SELF = YES;
				CLANG_WARN_OBJC_LITERAL_CONVERSION = YES;
				CLANG_WARN_OBJC_ROOT_CLASS = YES_ERROR;
				CLANG_WARN_QUOTED_INCLUDE_IN_FRAMEWORK_HEADER = YES;
				CLANG_WARN_RANGE_LOOP_ANALYSIS = YES;
				CLANG_WARN_STRICT_PROTOTYPES = YES;
				CLANG_WARN_SUSPICIOUS_MOVE = YES;
				CLANG_WARN_UNGUARDED_AVAILABILITY = YES_AGGRESSIVE;
				CLANG_WARN_UNREACHABLE_CODE = YES;
				CLANG_WARN__DUPLICATE_METHOD_MATCH = YES;
				COPY_PHASE_STRIP = NO;
				DEBUG_INFORMATION_FORMAT = dwarf;
				ENABLE_STRICT_OBJC_MSGSEND = YES;
				ENABLE_TESTABILITY = YES;
				GCC_C_LANGUAGE_STANDARD = gnu11;
				GCC_DYNAMIC_NO_PIC = NO;
				GCC_NO_COMMON_BLOCKS = YES;
				GCC_OPTIMIZATION_LEVEL = 0;
				GCC_PREPROCESSOR_DEFINITIONS = (
					"DEBUG=1",
					"$(inherited)",
				);
				GCC_WARN_64_TO_32_BIT_CONVERSION = YES;
				GCC_WARN_ABOUT_RETURN_TYPE = YES_ERROR;
				GCC_WARN_UNDECLARED_SELECTOR = YES;
				GCC_WARN_UNINITIALIZED_AUTOS = YES_AGGRESSIVE;
				GCC_WARN_UNUSED_FUNCTION = YES;
				GCC_WARN_UNUSED_VARIABLE = YES;
				IPHONEOS_DEPLOYMENT_TARGET = 14.1;
				MTL_ENABLE_DEBUG_INFO = INCLUDE_SOURCE;
				MTL_FAST_MATH = YES;
				ONLY_ACTIVE_ARCH = YES;
				SDKROOT = iphoneos;
				SWIFT_ACTIVE_COMPILATION_CONDITIONS = DEBUG;
				SWIFT_OPTIMIZATION_LEVEL = "-Onone";
			};
			name = Debug;
		};
		823173E025598289005043E8 /* Release */ = {
			isa = XCBuildConfiguration;
			buildSettings = {
				ALWAYS_SEARCH_USER_PATHS = NO;
				CLANG_ANALYZER_NONNULL = YES;
				CLANG_ANALYZER_NUMBER_OBJECT_CONVERSION = YES_AGGRESSIVE;
				CLANG_CXX_LANGUAGE_STANDARD = "gnu++14";
				CLANG_CXX_LIBRARY = "libc++";
				CLANG_ENABLE_MODULES = YES;
				CLANG_ENABLE_OBJC_ARC = YES;
				CLANG_ENABLE_OBJC_WEAK = YES;
				CLANG_WARN_BLOCK_CAPTURE_AUTORELEASING = YES;
				CLANG_WARN_BOOL_CONVERSION = YES;
				CLANG_WARN_COMMA = YES;
				CLANG_WARN_CONSTANT_CONVERSION = YES;
				CLANG_WARN_DEPRECATED_OBJC_IMPLEMENTATIONS = YES;
				CLANG_WARN_DIRECT_OBJC_ISA_USAGE = YES_ERROR;
				CLANG_WARN_DOCUMENTATION_COMMENTS = YES;
				CLANG_WARN_EMPTY_BODY = YES;
				CLANG_WARN_ENUM_CONVERSION = YES;
				CLANG_WARN_INFINITE_RECURSION = YES;
				CLANG_WARN_INT_CONVERSION = YES;
				CLANG_WARN_NON_LITERAL_NULL_CONVERSION = YES;
				CLANG_WARN_OBJC_IMPLICIT_RETAIN_SELF = YES;
				CLANG_WARN_OBJC_LITERAL_CONVERSION = YES;
				CLANG_WARN_OBJC_ROOT_CLASS = YES_ERROR;
				CLANG_WARN_QUOTED_INCLUDE_IN_FRAMEWORK_HEADER = YES;
				CLANG_WARN_RANGE_LOOP_ANALYSIS = YES;
				CLANG_WARN_STRICT_PROTOTYPES = YES;
				CLANG_WARN_SUSPICIOUS_MOVE = YES;
				CLANG_WARN_UNGUARDED_AVAILABILITY = YES_AGGRESSIVE;
				CLANG_WARN_UNREACHABLE_CODE = YES;
				CLANG_WARN__DUPLICATE_METHOD_MATCH = YES;
				COPY_PHASE_STRIP = NO;
				DEBUG_INFORMATION_FORMAT = "dwarf-with-dsym";
				ENABLE_NS_ASSERTIONS = NO;
				ENABLE_STRICT_OBJC_MSGSEND = YES;
				GCC_C_LANGUAGE_STANDARD = gnu11;
				GCC_NO_COMMON_BLOCKS = YES;
				GCC_WARN_64_TO_32_BIT_CONVERSION = YES;
				GCC_WARN_ABOUT_RETURN_TYPE = YES_ERROR;
				GCC_WARN_UNDECLARED_SELECTOR = YES;
				GCC_WARN_UNINITIALIZED_AUTOS = YES_AGGRESSIVE;
				GCC_WARN_UNUSED_FUNCTION = YES;
				GCC_WARN_UNUSED_VARIABLE = YES;
				IPHONEOS_DEPLOYMENT_TARGET = 14.1;
				MTL_ENABLE_DEBUG_INFO = NO;
				MTL_FAST_MATH = YES;
				SDKROOT = iphoneos;
				SWIFT_COMPILATION_MODE = wholemodule;
				SWIFT_OPTIMIZATION_LEVEL = "-O";
				VALIDATE_PRODUCT = YES;
			};
			name = Release;
		};
		823173E225598289005043E8 /* Debug */ = {
			isa = XCBuildConfiguration;
			baseConfigurationReference = E4CAB3D1844BB73A4BF226C9 /* Pods-SpaceLaunches.debug.xcconfig */;
			buildSettings = {
				ASSETCATALOG_COMPILER_APPICON_NAME = AppIcon;
				ASSETCATALOG_COMPILER_GLOBAL_ACCENT_COLOR_NAME = AccentColor;
				CODE_SIGN_STYLE = Automatic;
				DEVELOPMENT_TEAM = DS8DA7YN5X;
				INFOPLIST_FILE = "$(SRCROOT)/SpaceLaunches/Supporting Files/Info.plist";
				IPHONEOS_DEPLOYMENT_TARGET = 13.0;
				LD_RUNPATH_SEARCH_PATHS = (
					"$(inherited)",
					"@executable_path/Frameworks",
				);
				PRODUCT_BUNDLE_IDENTIFIER = com.indrapp.SpaceLaunches;
				PRODUCT_NAME = "$(TARGET_NAME)";
				SWIFT_VERSION = 5.0;
				TARGETED_DEVICE_FAMILY = "1,2";
			};
			name = Debug;
		};
		823173E325598289005043E8 /* Release */ = {
			isa = XCBuildConfiguration;
			baseConfigurationReference = 4DC95C2CF9E5474DB4BAA41E /* Pods-SpaceLaunches.release.xcconfig */;
			buildSettings = {
				ASSETCATALOG_COMPILER_APPICON_NAME = AppIcon;
				ASSETCATALOG_COMPILER_GLOBAL_ACCENT_COLOR_NAME = AccentColor;
				CODE_SIGN_STYLE = Automatic;
				DEVELOPMENT_TEAM = DS8DA7YN5X;
				INFOPLIST_FILE = "$(SRCROOT)/SpaceLaunches/Supporting Files/Info.plist";
				IPHONEOS_DEPLOYMENT_TARGET = 13.0;
				LD_RUNPATH_SEARCH_PATHS = (
					"$(inherited)",
					"@executable_path/Frameworks",
				);
				PRODUCT_BUNDLE_IDENTIFIER = com.indrapp.SpaceLaunches;
				PRODUCT_NAME = "$(TARGET_NAME)";
				SWIFT_VERSION = 5.0;
				TARGETED_DEVICE_FAMILY = "1,2";
			};
			name = Release;
		};
		82F1A1C625D1559A00CD31B0 /* Debug */ = {
			isa = XCBuildConfiguration;
			buildSettings = {
				BUNDLE_LOADER = "$(TEST_HOST)";
				CODE_SIGN_STYLE = Automatic;
				DEVELOPMENT_TEAM = DS8DA7YN5X;
				INFOPLIST_FILE = SpaceLaunchesTests/Info.plist;
				IPHONEOS_DEPLOYMENT_TARGET = 14.2;
				LD_RUNPATH_SEARCH_PATHS = (
					"$(inherited)",
					"@executable_path/Frameworks",
					"@loader_path/Frameworks",
				);
				PRODUCT_BUNDLE_IDENTIFIER = com.indrapp.SpaceLaunches.SpaceLaunchesTests;
				PRODUCT_NAME = "$(TARGET_NAME)";
				SWIFT_VERSION = 5.0;
				TARGETED_DEVICE_FAMILY = "1,2";
				TEST_HOST = "$(BUILT_PRODUCTS_DIR)/SpaceLaunches.app/SpaceLaunches";
			};
			name = Debug;
		};
		82F1A1C725D1559A00CD31B0 /* Release */ = {
			isa = XCBuildConfiguration;
			buildSettings = {
				BUNDLE_LOADER = "$(TEST_HOST)";
				CODE_SIGN_STYLE = Automatic;
				DEVELOPMENT_TEAM = DS8DA7YN5X;
				INFOPLIST_FILE = SpaceLaunchesTests/Info.plist;
				IPHONEOS_DEPLOYMENT_TARGET = 14.2;
				LD_RUNPATH_SEARCH_PATHS = (
					"$(inherited)",
					"@executable_path/Frameworks",
					"@loader_path/Frameworks",
				);
				PRODUCT_BUNDLE_IDENTIFIER = com.indrapp.SpaceLaunches.SpaceLaunchesTests;
				PRODUCT_NAME = "$(TARGET_NAME)";
				SWIFT_VERSION = 5.0;
				TARGETED_DEVICE_FAMILY = "1,2";
				TEST_HOST = "$(BUILT_PRODUCTS_DIR)/SpaceLaunches.app/SpaceLaunches";
			};
			name = Release;
		};
/* End XCBuildConfiguration section */

/* Begin XCConfigurationList section */
		823173C825598287005043E8 /* Build configuration list for PBXProject "SpaceLaunches" */ = {
			isa = XCConfigurationList;
			buildConfigurations = (
				823173DF25598289005043E8 /* Debug */,
				823173E025598289005043E8 /* Release */,
			);
			defaultConfigurationIsVisible = 0;
			defaultConfigurationName = Release;
		};
		823173E125598289005043E8 /* Build configuration list for PBXNativeTarget "SpaceLaunches" */ = {
			isa = XCConfigurationList;
			buildConfigurations = (
				823173E225598289005043E8 /* Debug */,
				823173E325598289005043E8 /* Release */,
			);
			defaultConfigurationIsVisible = 0;
			defaultConfigurationName = Release;
		};
		82F1A1C825D1559A00CD31B0 /* Build configuration list for PBXNativeTarget "SpaceLaunchesTests" */ = {
			isa = XCConfigurationList;
			buildConfigurations = (
				82F1A1C625D1559A00CD31B0 /* Debug */,
				82F1A1C725D1559A00CD31B0 /* Release */,
			);
			defaultConfigurationIsVisible = 0;
			defaultConfigurationName = Release;
		};
/* End XCConfigurationList section */
	};
	rootObject = 823173C525598287005043E8 /* Project object */;
}
